
Microsoft Visual Studio Solution File, Format Version 12.00
# Visual Studio Version 17
VisualStudioVersion = 17.5.002.0
MinimumVisualStudioVersion = 10.0.40219.1
Project("{9A19103F-16F7-4668-BE54-9A1E7A4F7556}") = "requestlogger", "requestlogger.csproj", "{59488492-CFCA-419E-999A-9B2003B2C2DF}"
EndProject
Global
	GlobalSection(SolutionConfigurationPlatforms) = preSolution
		Debug|Any CPU = Debug|Any CPU
		Release|Any CPU = Release|Any CPU
	EndGlobalSection
	GlobalSection(ProjectConfigurationPlatforms) = postSolution
		{59488492-CFCA-419E-999A-9B2003B2C2DF}.Debug|Any CPU.ActiveCfg = Debug|Any CPU
		{59488492-CFCA-419E-999A-9B2003B2C2DF}.Debug|Any CPU.Build.0 = Debug|Any CPU
		{59488492-CFCA-419E-999A-9B2003B2C2DF}.Release|Any CPU.ActiveCfg = Release|Any CPU
		{59488492-CFCA-419E-999A-9B2003B2C2DF}.Release|Any CPU.Build.0 = Release|Any CPU
	EndGlobalSection
	GlobalSection(SolutionProperties) = preSolution
		HideSolutionNode = FALSE
	EndGlobalSection
	GlobalSection(ExtensibilityGlobals) = postSolution
		SolutionGuid = {B5991AF0-6CA5-4C7C-9F5E-78A88E03237B}
	EndGlobalSection
EndGlobal
